<?xml version="1.0" encoding="utf-8"?>
<Project ToolsVersion="4.0" xmlns="http://schemas.microsoft.com/developer/msbuild/2003">
  <ItemGroup>
    <Filter Include="Source Files">
      <UniqueIdentifier>{4FC737F1-C7A5-4376-A066-2A32D752A2FF}</UniqueIdentifier>
      <Extensions>cpp;c;cc;cxx;def;odl;idl;hpj;bat;asm;asmx</Extensions>
    </Filter>
    <Filter Include="Header Files">
      <UniqueIdentifier>{93995380-89BD-4b04-88EB-625FBE52EBFB}</UniqueIdentifier>
      <Extensions>h;hh;hpp;hxx;hm;inl;inc;xsd</Extensions>
    </Filter>
    <Filter Include="Resource Files">
      <UniqueIdentifier>{D9D6E242-F8AF-46E4-B9FD-80ECBC20BA3E}</UniqueIdentifier>
      <Extensions>qrc;*</Extensions>
      <ParseFiles>false</ParseFiles>
    </Filter>
    <Filter Include="Resource Files">
      <UniqueIdentifier>{D9D6E242-F8AF-46E4-B9FD-80ECBC20BA3E}</UniqueIdentifier>
      <Extensions>qrc;*</Extensions>
      <ParseFiles>false</ParseFiles>
    </Filter>
    <Filter Include="CustomPanel">
      <UniqueIdentifier>{16323ecb-84a9-4264-a8a2-ebc05f4a4971}</UniqueIdentifier>
    </Filter>
    <Filter Include="NetSpeedPanel">
      <UniqueIdentifier>{015e65fc-00f8-41d0-8f75-25e23e753c8a}</UniqueIdentifier>
    </Filter>
    <Filter Include="SemiCirclePanel">
      <UniqueIdentifier>{43b5e3b0-f9c4-485e-a8f2-ca646dab872a}</UniqueIdentifier>
    </Filter>
    <Filter Include="Form Files">
      <UniqueIdentifier>{99349809-55BA-4b9d-BF79-8FDBB0286EB3}</UniqueIdentifier>
      <Extensions>ui</Extensions>
      <ParseFiles>true</ParseFiles>
    </Filter>
  </ItemGroup>
  <ItemGroup>
    <ClCompile Include="Panel.cpp">
      <Filter>Source Files</Filter>
    </ClCompile>
    <ClCompile Include="CustomPanel.cpp">
      <Filter>CustomPanel</Filter>
    </ClCompile>
    <ClCompile Include="NetSpeedPanel.cpp">
      <Filter>NetSpeedPanel</Filter>
    </ClCompile>
    <ClCompile Include="SemiCirclePanel.cpp">
      <Filter>SemiCirclePanel</Filter>
    </ClCompile>
  </ItemGroup>
  <ItemGroup>
    <ClInclude Include="Panel.h">
      <Filter>Header Files</Filter>
    </ClInclude>
  </ItemGroup>
  <ItemGroup>
    <ClInclude Include="panel_global.h">
      <Filter>Header Files</Filter>
    </ClInclude>
  </ItemGroup>
  <ItemGroup>
    <QtMoc Include="CustomPanel.h">
      <Filter>CustomPanel</Filter>
    </QtMoc>
    <QtMoc Include="NetSpeedPanel.h">
      <Filter>NetSpeedPanel</Filter>
    </QtMoc>
    <QtMoc Include="SemiCirclePanel.h">
      <Filter>SemiCirclePanel</Filter>
    </QtMoc>
  </ItemGroup>
  <ItemGroup>
    <QtUic Include="CustomPanel.ui">
      <Filter>CustomPanel</Filter>
    </QtUic>
    <QtUic Include="NetSpeedPanel.ui">
      <Filter>NetSpeedPanel</Filter>
    </QtUic>
    <QtUic Include="SemiCirclePanel.ui">
      <Filter>SemiCirclePanel</Filter>
    </QtUic>
  </ItemGroup>
</Project>