<?xml version="1.0" encoding="utf-8"?>
<Project ToolsVersion="4.0" xmlns="http://schemas.microsoft.com/developer/msbuild/2003">
  <ItemGroup>
    <Filter Include="Source Files">
      <UniqueIdentifier>{4FC737F1-C7A5-4376-A066-2A32D752A2FF}</UniqueIdentifier>
      <Extensions>cpp;c;cc;cxx;def;odl;idl;hpj;bat;asm;asmx</Extensions>
    </Filter>
    <Filter Include="Header Files">
      <UniqueIdentifier>{93995380-89BD-4b04-88EB-625FBE52EBFB}</UniqueIdentifier>
      <Extensions>h;hh;hpp;hxx;hm;inl;inc;xsd</Extensions>
    </Filter>
    <Filter Include="Resource Files">
      <UniqueIdentifier>{D9D6E242-F8AF-46E4-B9FD-80ECBC20BA3E}</UniqueIdentifier>
      <Extensions>qrc;*</Extensions>
      <ParseFiles>false</ParseFiles>
    </Filter>
    <Filter Include="Resource Files">
      <UniqueIdentifier>{D9D6E242-F8AF-46E4-B9FD-80ECBC20BA3E}</UniqueIdentifier>
      <Extensions>qrc;*</Extensions>
      <ParseFiles>false</ParseFiles>
    </Filter>
    <Filter Include="DropDownMenu">
      <UniqueIdentifier>{2e7f4927-db0b-4c67-8ce8-2e8d86876328}</UniqueIdentifier>
    </Filter>
    <Filter Include="RXDateSelectPage">
      <UniqueIdentifier>{47007807-7578-4390-9a12-aa2107ba8908}</UniqueIdentifier>
    </Filter>
  </ItemGroup>
  <ItemGroup>
    <ClCompile Include="BtnControls.cpp">
      <Filter>Source Files</Filter>
    </ClCompile>
    <ClCompile Include="DropDownMenu.cpp">
      <Filter>DropDownMenu</Filter>
    </ClCompile>
    <ClCompile Include="RXDateSelectPage.cpp">
      <Filter>RXDateSelectPage</Filter>
    </ClCompile>
  </ItemGroup>
  <ItemGroup>
    <ClInclude Include="BtnControls.h">
      <Filter>Header Files</Filter>
    </ClInclude>
  </ItemGroup>
  <ItemGroup>
    <ClInclude Include="btncontrols_global.h">
      <Filter>Header Files</Filter>
    </ClInclude>
  </ItemGroup>
  <ItemGroup>
    <QtMoc Include="DropDownMenu.h">
      <Filter>DropDownMenu</Filter>
    </QtMoc>
    <QtMoc Include="RXDateSelectPage.h">
      <Filter>RXDateSelectPage</Filter>
    </QtMoc>
  </ItemGroup>
  <ItemGroup>
    <QtUic Include="DropDownMenu.ui">
      <Filter>DropDownMenu</Filter>
    </QtUic>
    <QtUic Include="RXDateSelectPage.ui">
      <Filter>RXDateSelectPage</Filter>
    </QtUic>
  </ItemGroup>
</Project>